
Microsoft Visual Studio Solution File, Format Version 12.00
# Visual Studio Version 17
VisualStudioVersion = 17.4.33205.214
MinimumVisualStudioVersion = 10.0.40219.1
Project("{9A19103F-16F7-4668-BE54-9A1E7A4F7556}") = "Sandwych.DeviceTree", "src\Sandwych.DeviceTree\Sandwych.DeviceTree.csproj", "{B18CAFA1-1F9A-4A83-AF47-76AC8160D354}"
EndProject
Project("{9A19103F-16F7-4668-BE54-9A1E7A4F7556}") = "Sandwych.DeviceTree.Abstractions", "src\Sandwych.DeviceTree.Abstractions\Sandwych.DeviceTree.Abstractions.csproj", "{DDFE0EA7-B85C-4E7B-88C4-09159E348FF8}"
EndProject
Project("{9A19103F-16F7-4668-BE54-9A1E7A4F7556}") = "Sandwych.DeviceTree.Tests", "test\Sandwych.DeviceTree.Tests\Sandwych.DeviceTree.Tests.csproj", "{2D21FC02-9EEB-42CE-8BDA-68788006E6D5}"
EndProject
Project("{2150E333-8FDC-42A3-9474-1A3956D46DE8}") = "Solution Items", "Solution Items", "{F70925DA-3C25-4C0D-AAA7-B196F4381B59}"
	ProjectSection(SolutionItems) = preProject
		.editorconfig = .editorconfig
		README.md = README.md
	EndProjectSection
EndProject
Global
	GlobalSection(SolutionConfigurationPlatforms) = preSolution
		Debug|Any CPU = Debug|Any CPU
		Release|Any CPU = Release|Any CPU
	EndGlobalSection
	GlobalSection(ProjectConfigurationPlatforms) = postSolution
		{B18CAFA1-1F9A-4A83-AF47-76AC8160D354}.Debug|Any CPU.ActiveCfg = Debug|Any CPU
		{B18CAFA1-1F9A-4A83-AF47-76AC8160D354}.Debug|Any CPU.Build.0 = Debug|Any CPU
		{B18CAFA1-1F9A-4A83-AF47-76AC8160D354}.Release|Any CPU.ActiveCfg = Release|Any CPU
		{B18CAFA1-1F9A-4A83-AF47-76AC8160D354}.Release|Any CPU.Build.0 = Release|Any CPU
		{DDFE0EA7-B85C-4E7B-88C4-09159E348FF8}.Debug|Any CPU.ActiveCfg = Debug|Any CPU
		{DDFE0EA7-B85C-4E7B-88C4-09159E348FF8}.Debug|Any CPU.Build.0 = Debug|Any CPU
		{DDFE0EA7-B85C-4E7B-88C4-09159E348FF8}.Release|Any CPU.ActiveCfg = Release|Any CPU
		{DDFE0EA7-B85C-4E7B-88C4-09159E348FF8}.Release|Any CPU.Build.0 = Release|Any CPU
		{2D21FC02-9EEB-42CE-8BDA-68788006E6D5}.Debug|Any CPU.ActiveCfg = Debug|Any CPU
		{2D21FC02-9EEB-42CE-8BDA-68788006E6D5}.Debug|Any CPU.Build.0 = Debug|Any CPU
		{2D21FC02-9EEB-42CE-8BDA-68788006E6D5}.Release|Any CPU.ActiveCfg = Release|Any CPU
		{2D21FC02-9EEB-42CE-8BDA-68788006E6D5}.Release|Any CPU.Build.0 = Release|Any CPU
	EndGlobalSection
	GlobalSection(SolutionProperties) = preSolution
		HideSolutionNode = FALSE
	EndGlobalSection
	GlobalSection(ExtensibilityGlobals) = postSolution
		SolutionGuid = {B4C4B521-A8F2-4005-96CF-25728627148D}
	EndGlobalSection
EndGlobal
